// !$*UTF8*$!
{
	archiveVersion = 1;
	classes = {
	};
	objectVersion = 55;
	objects = {

/* Begin PBXBuildFile section */
		A848E6F62811535B003FBE04 /* CommonListViewController.swift in Sources */ = {isa = PBXBuildFile; fileRef = A848E6F52811535B003FBE04 /* CommonListViewController.swift */; };
		A8AC4C992811629500E162A2 /* ModelEnum.swift in Sources */ = {isa = PBXBuildFile; fileRef = A8AC4C982811629500E162A2 /* ModelEnum.swift */; };
		A8AC4CAF2812339500E162A2 /* PtLabel.swift in Sources */ = {isa = PBXBuildFile; fileRef = A8AC4CA82812339400E162A2 /* PtLabel.swift */; };
		A8AC4CB02812339500E162A2 /* MainView.xib in Resources */ = {isa = PBXBuildFile; fileRef = A8AC4CA92812339400E162A2 /* MainView.xib */; };
		A8AC4CB12812339500E162A2 /* MainView.swift in Sources */ = {isa = PBXBuildFile; fileRef = A8AC4CAA2812339400E162A2 /* MainView.swift */; };
		A8AC4CB22812339500E162A2 /* TaskView.swift in Sources */ = {isa = PBXBuildFile; fileRef = A8AC4CAC2812339400E162A2 /* TaskView.swift */; };
		A8AC4CB32812339500E162A2 /* TaskView.xib in Resources */ = {isa = PBXBuildFile; fileRef = A8AC4CAD2812339500E162A2 /* TaskView.xib */; };
		A8AC4CC62812347C00E162A2 /* XibLoadView.swift in Sources */ = {isa = PBXBuildFile; fileRef = A8AC4CC52812347C00E162A2 /* XibLoadView.swift */; };
		A8AC4CCA2812353100E162A2 /* ShopView.swift in Sources */ = {isa = PBXBuildFile; fileRef = A8AC4CC82812353100E162A2 /* ShopView.swift */; };
		A8AC4CCB2812353100E162A2 /* ShopView.xib in Resources */ = {isa = PBXBuildFile; fileRef = A8AC4CC92812353100E162A2 /* ShopView.xib */; };
		A8AC4CCF2812690200E162A2 /* CommonListView.swift in Sources */ = {isa = PBXBuildFile; fileRef = A8AC4CCE2812690200E162A2 /* CommonListView.swift */; };
		A8AC4CD12812698100E162A2 /* CommonListView.xib in Resources */ = {isa = PBXBuildFile; fileRef = A8AC4CD02812698100E162A2 /* CommonListView.xib */; };
		A8AC4CD32812A0C000E162A2 /* ShopViewController.swift in Sources */ = {isa = PBXBuildFile; fileRef = A8AC4CD22812A0C000E162A2 /* ShopViewController.swift */; };
		A8AC4CD52812A2D500E162A2 /* ShopViewController+Delegates.swift in Sources */ = {isa = PBXBuildFile; fileRef = A8AC4CD42812A2D500E162A2 /* ShopViewController+Delegates.swift */; };
		A8AC4CD7281688F300E162A2 /* DateManager.swift in Sources */ = {isa = PBXBuildFile; fileRef = A8AC4CD6281688F300E162A2 /* DateManager.swift */; };
		A8AC4CD9281D199C00E162A2 /* ActivityLog.swift in Sources */ = {isa = PBXBuildFile; fileRef = A8AC4CD8281D199C00E162A2 /* ActivityLog.swift */; };
		A8BF5E5C280FAE21008C3814 /* AppDelegate.swift in Sources */ = {isa = PBXBuildFile; fileRef = A8BF5E5B280FAE21008C3814 /* AppDelegate.swift */; };
		A8BF5E5E280FAE21008C3814 /* SceneDelegate.swift in Sources */ = {isa = PBXBuildFile; fileRef = A8BF5E5D280FAE21008C3814 /* SceneDelegate.swift */; };
		A8BF5E63280FAE21008C3814 /* Main.storyboard in Resources */ = {isa = PBXBuildFile; fileRef = A8BF5E61280FAE21008C3814 /* Main.storyboard */; };
		A8BF5E66280FAE21008C3814 /* MOSAIC_LIFE_Rev2.xcdatamodeld in Sources */ = {isa = PBXBuildFile; fileRef = A8BF5E64280FAE21008C3814 /* MOSAIC_LIFE_Rev2.xcdatamodeld */; };
		A8BF5E68280FAE28008C3814 /* Assets.xcassets in Resources */ = {isa = PBXBuildFile; fileRef = A8BF5E67280FAE28008C3814 /* Assets.xcassets */; };
		A8BF5E6B280FAE28008C3814 /* LaunchScreen.storyboard in Resources */ = {isa = PBXBuildFile; fileRef = A8BF5E69280FAE28008C3814 /* LaunchScreen.storyboard */; };
		A8BF5E8A280FAF12008C3814 /* TaskViewController.swift in Sources */ = {isa = PBXBuildFile; fileRef = A8BF5E86280FAF12008C3814 /* TaskViewController.swift */; };
		A8BF5E8B280FAF12008C3814 /* TaskViewController+Delegates.swift in Sources */ = {isa = PBXBuildFile; fileRef = A8BF5E87280FAF12008C3814 /* TaskViewController+Delegates.swift */; };
		A8BF5E8C280FAF12008C3814 /* MainViewController.swift in Sources */ = {isa = PBXBuildFile; fileRef = A8BF5E89280FAF12008C3814 /* MainViewController.swift */; };
		A8BF5EA3280FB8E7008C3814 /* Task+CoreDataClass.swift in Sources */ = {isa = PBXBuildFile; fileRef = A8BF5E9F280FB8E7008C3814 /* Task+CoreDataClass.swift */; };
		A8BF5EA4280FB8E7008C3814 /* Task+CoreDataProperties.swift in Sources */ = {isa = PBXBuildFile; fileRef = A8BF5EA0280FB8E7008C3814 /* Task+CoreDataProperties.swift */; };
		A8BF5EA5280FB8E7008C3814 /* Shop+CoreDataClass.swift in Sources */ = {isa = PBXBuildFile; fileRef = A8BF5EA1280FB8E7008C3814 /* Shop+CoreDataClass.swift */; };
		A8BF5EA6280FB8E7008C3814 /* Shop+CoreDataProperties.swift in Sources */ = {isa = PBXBuildFile; fileRef = A8BF5EA2280FB8E7008C3814 /* Shop+CoreDataProperties.swift */; };
		A8BF5EAC280FB989008C3814 /* UDDataStore.swift in Sources */ = {isa = PBXBuildFile; fileRef = A8BF5EAB280FB989008C3814 /* UDDataStore.swift */; };
		A8BF5EB2280FE3EB008C3814 /* ViewController+CommonFunctions.swift in Sources */ = {isa = PBXBuildFile; fileRef = A8BF5EB1280FE3EB008C3814 /* ViewController+CommonFunctions.swift */; };
/* End PBXBuildFile section */

/* Begin PBXFileReference section */
		A848E6F52811535B003FBE04 /* CommonListViewController.swift */ = {isa = PBXFileReference; lastKnownFileType = sourcecode.swift; path = CommonListViewController.swift; sourceTree = "<group>"; };
		A8AC4C982811629500E162A2 /* ModelEnum.swift */ = {isa = PBXFileReference; lastKnownFileType = sourcecode.swift; path = ModelEnum.swift; sourceTree = "<group>"; };
		A8AC4CA82812339400E162A2 /* PtLabel.swift */ = {isa = PBXFileReference; fileEncoding = 4; lastKnownFileType = sourcecode.swift; path = PtLabel.swift; sourceTree = "<group>"; };
		A8AC4CA92812339400E162A2 /* MainView.xib */ = {isa = PBXFileReference; fileEncoding = 4; lastKnownFileType = file.xib; path = MainView.xib; sourceTree = "<group>"; };
		A8AC4CAA2812339400E162A2 /* MainView.swift */ = {isa = PBXFileReference; fileEncoding = 4; lastKnownFileType = sourcecode.swift; path = MainView.swift; sourceTree = "<group>"; };
		A8AC4CAC2812339400E162A2 /* TaskView.swift */ = {isa = PBXFileReference; fileEncoding = 4; lastKnownFileType = sourcecode.swift; path = TaskView.swift; sourceTree = "<group>"; };
		A8AC4CAD2812339500E162A2 /* TaskView.xib */ = {isa = PBXFileReference; fileEncoding = 4; lastKnownFileType = file.xib; path = TaskView.xib; sourceTree = "<group>"; };
		A8AC4CC52812347C00E162A2 /* XibLoadView.swift */ = {isa = PBXFileReference; fileEncoding = 4; lastKnownFileType = sourcecode.swift; path = XibLoadView.swift; sourceTree = "<group>"; };
		A8AC4CC82812353100E162A2 /* ShopView.swift */ = {isa = PBXFileReference; fileEncoding = 4; lastKnownFileType = sourcecode.swift; path = ShopView.swift; sourceTree = "<group>"; };
		A8AC4CC92812353100E162A2 /* ShopView.xib */ = {isa = PBXFileReference; fileEncoding = 4; lastKnownFileType = file.xib; path = ShopView.xib; sourceTree = "<group>"; };
		A8AC4CCE2812690200E162A2 /* CommonListView.swift */ = {isa = PBXFileReference; lastKnownFileType = sourcecode.swift; path = CommonListView.swift; sourceTree = "<group>"; };
		A8AC4CD02812698100E162A2 /* CommonListView.xib */ = {isa = PBXFileReference; lastKnownFileType = file.xib; path = CommonListView.xib; sourceTree = "<group>"; };
		A8AC4CD22812A0C000E162A2 /* ShopViewController.swift */ = {isa = PBXFileReference; lastKnownFileType = sourcecode.swift; path = ShopViewController.swift; sourceTree = "<group>"; };
		A8AC4CD42812A2D500E162A2 /* ShopViewController+Delegates.swift */ = {isa = PBXFileReference; lastKnownFileType = sourcecode.swift; path = "ShopViewController+Delegates.swift"; sourceTree = "<group>"; };
		A8AC4CD6281688F300E162A2 /* DateManager.swift */ = {isa = PBXFileReference; lastKnownFileType = sourcecode.swift; path = DateManager.swift; sourceTree = "<group>"; };
		A8AC4CD8281D199C00E162A2 /* ActivityLog.swift */ = {isa = PBXFileReference; lastKnownFileType = sourcecode.swift; path = ActivityLog.swift; sourceTree = "<group>"; };
		A8BF5E58280FAE21008C3814 /* MOSAIC LIFE Rev2.app */ = {isa = PBXFileReference; explicitFileType = wrapper.application; includeInIndex = 0; path = "MOSAIC LIFE Rev2.app"; sourceTree = BUILT_PRODUCTS_DIR; };
		A8BF5E5B280FAE21008C3814 /* AppDelegate.swift */ = {isa = PBXFileReference; lastKnownFileType = sourcecode.swift; path = AppDelegate.swift; sourceTree = "<group>"; };
		A8BF5E5D280FAE21008C3814 /* SceneDelegate.swift */ = {isa = PBXFileReference; lastKnownFileType = sourcecode.swift; path = SceneDelegate.swift; sourceTree = "<group>"; };
		A8BF5E62280FAE21008C3814 /* Base */ = {isa = PBXFileReference; lastKnownFileType = file.storyboard; name = Base; path = Base.lproj/Main.storyboard; sourceTree = "<group>"; };
		A8BF5E65280FAE21008C3814 /* MOSAIC_LIFE_Rev2.xcdatamodel */ = {isa = PBXFileReference; lastKnownFileType = wrapper.xcdatamodel; path = MOSAIC_LIFE_Rev2.xcdatamodel; sourceTree = "<group>"; };
		A8BF5E67280FAE28008C3814 /* Assets.xcassets */ = {isa = PBXFileReference; lastKnownFileType = folder.assetcatalog; path = Assets.xcassets; sourceTree = "<group>"; };
		A8BF5E6A280FAE28008C3814 /* Base */ = {isa = PBXFileReference; lastKnownFileType = file.storyboard; name = Base; path = Base.lproj/LaunchScreen.storyboard; sourceTree = "<group>"; };
		A8BF5E6C280FAE28008C3814 /* Info.plist */ = {isa = PBXFileReference; lastKnownFileType = text.plist.xml; path = Info.plist; sourceTree = "<group>"; };
		A8BF5E86280FAF12008C3814 /* TaskViewController.swift */ = {isa = PBXFileReference; fileEncoding = 4; lastKnownFileType = sourcecode.swift; path = TaskViewController.swift; sourceTree = "<group>"; };
		A8BF5E87280FAF12008C3814 /* TaskViewController+Delegates.swift */ = {isa = PBXFileReference; fileEncoding = 4; lastKnownFileType = sourcecode.swift; path = "TaskViewController+Delegates.swift"; sourceTree = "<group>"; };
		A8BF5E89280FAF12008C3814 /* MainViewController.swift */ = {isa = PBXFileReference; fileEncoding = 4; lastKnownFileType = sourcecode.swift; path = MainViewController.swift; sourceTree = "<group>"; };
		A8BF5E9F280FB8E7008C3814 /* Task+CoreDataClass.swift */ = {isa = PBXFileReference; lastKnownFileType = sourcecode.swift; path = "Task+CoreDataClass.swift"; sourceTree = "<group>"; };
		A8BF5EA0280FB8E7008C3814 /* Task+CoreDataProperties.swift */ = {isa = PBXFileReference; lastKnownFileType = sourcecode.swift; path = "Task+CoreDataProperties.swift"; sourceTree = "<group>"; };
		A8BF5EA1280FB8E7008C3814 /* Shop+CoreDataClass.swift */ = {isa = PBXFileReference; lastKnownFileType = sourcecode.swift; path = "Shop+CoreDataClass.swift"; sourceTree = "<group>"; };
		A8BF5EA2280FB8E7008C3814 /* Shop+CoreDataProperties.swift */ = {isa = PBXFileReference; lastKnownFileType = sourcecode.swift; path = "Shop+CoreDataProperties.swift"; sourceTree = "<group>"; };
		A8BF5EAB280FB989008C3814 /* UDDataStore.swift */ = {isa = PBXFileReference; fileEncoding = 4; lastKnownFileType = sourcecode.swift; path = UDDataStore.swift; sourceTree = "<group>"; };
		A8BF5EB1280FE3EB008C3814 /* ViewController+CommonFunctions.swift */ = {isa = PBXFileReference; lastKnownFileType = sourcecode.swift; path = "ViewController+CommonFunctions.swift"; sourceTree = "<group>"; };
/* End PBXFileReference section */

/* Begin PBXFrameworksBuildPhase section */
		A8BF5E55280FAE21008C3814 /* Frameworks */ = {
			isa = PBXFrameworksBuildPhase;
			buildActionMask = 2147483647;
			files = (
			);
			runOnlyForDeploymentPostprocessing = 0;
		};
/* End PBXFrameworksBuildPhase section */

/* Begin PBXGroup section */
		A848E6F028114ED0003FBE04 /* ShopView */ = {
			isa = PBXGroup;
			children = (
				A8AC4CD22812A0C000E162A2 /* ShopViewController.swift */,
				A8AC4CD42812A2D500E162A2 /* ShopViewController+Delegates.swift */,
			);
			path = ShopView;
			sourceTree = "<group>";
		};
		A8AC4CA72812339400E162A2 /* Main */ = {
			isa = PBXGroup;
			children = (
				A8AC4CA82812339400E162A2 /* PtLabel.swift */,
				A8AC4CD8281D199C00E162A2 /* ActivityLog.swift */,
				A8AC4CAA2812339400E162A2 /* MainView.swift */,
				A8AC4CA92812339400E162A2 /* MainView.xib */,
			);
			name = Main;
			path = "MOSAIC LIFE Rev2/Views/Main";
			sourceTree = SOURCE_ROOT;
		};
		A8AC4CAB2812339400E162A2 /* Task */ = {
			isa = PBXGroup;
			children = (
				A8AC4CAC2812339400E162A2 /* TaskView.swift */,
				A8AC4CAD2812339500E162A2 /* TaskView.xib */,
			);
			name = Task;
			path = "MOSAIC LIFE Rev2/Views/Task";
			sourceTree = SOURCE_ROOT;
		};
		A8AC4CC42812347C00E162A2 /* Common */ = {
			isa = PBXGroup;
			children = (
				A8AC4CC52812347C00E162A2 /* XibLoadView.swift */,
				A8AC4CCE2812690200E162A2 /* CommonListView.swift */,
				A8AC4CD02812698100E162A2 /* CommonListView.xib */,
			);
			name = Common;
			path = "MOSAIC LIFE Rev2/Views/Common";
			sourceTree = SOURCE_ROOT;
		};
		A8AC4CC72812353100E162A2 /* Shop */ = {
			isa = PBXGroup;
			children = (
				A8AC4CC82812353100E162A2 /* ShopView.swift */,
				A8AC4CC92812353100E162A2 /* ShopView.xib */,
			);
			name = Shop;
			path = "MOSAIC LIFE Rev2/Views/Shop";
			sourceTree = SOURCE_ROOT;
		};
		A8BF5E4F280FAE21008C3814 = {
			isa = PBXGroup;
			children = (
				A8BF5E5A280FAE21008C3814 /* MOSAIC LIFE Rev2 */,
				A8BF5E59280FAE21008C3814 /* Products */,
			);
			sourceTree = "<group>";
		};
		A8BF5E59280FAE21008C3814 /* Products */ = {
			isa = PBXGroup;
			children = (
				A8BF5E58280FAE21008C3814 /* MOSAIC LIFE Rev2.app */,
			);
			name = Products;
			sourceTree = "<group>";
		};
		A8BF5E5A280FAE21008C3814 /* MOSAIC LIFE Rev2 */ = {
			isa = PBXGroup;
			children = (
				A8BF5E61280FAE21008C3814 /* Main.storyboard */,
				A8BF5E84280FAF12008C3814 /* Controllers */,
				A8BF5E8E280FAF5A008C3814 /* Views */,
				A8BF5EA7280FB907008C3814 /* Models */,
				A8BF5E5B280FAE21008C3814 /* AppDelegate.swift */,
				A8BF5E5D280FAE21008C3814 /* SceneDelegate.swift */,
				A8BF5E67280FAE28008C3814 /* Assets.xcassets */,
				A8BF5E69280FAE28008C3814 /* LaunchScreen.storyboard */,
				A8BF5E6C280FAE28008C3814 /* Info.plist */,
			);
			path = "MOSAIC LIFE Rev2";
			sourceTree = "<group>";
		};
		A8BF5E84280FAF12008C3814 /* Controllers */ = {
			isa = PBXGroup;
			children = (
				A8BF5E88280FAF12008C3814 /* MainView */,
				A8BF5E85280FAF12008C3814 /* TaskView */,
				A848E6F028114ED0003FBE04 /* ShopView */,
				A8BF5EB0280FE3B7008C3814 /* Common */,
			);
			path = Controllers;
			sourceTree = "<group>";
		};
		A8BF5E85280FAF12008C3814 /* TaskView */ = {
			isa = PBXGroup;
			children = (
				A8BF5E86280FAF12008C3814 /* TaskViewController.swift */,
				A8BF5E87280FAF12008C3814 /* TaskViewController+Delegates.swift */,
			);
			path = TaskView;
			sourceTree = "<group>";
		};
		A8BF5E88280FAF12008C3814 /* MainView */ = {
			isa = PBXGroup;
			children = (
				A8BF5E89280FAF12008C3814 /* MainViewController.swift */,
			);
			path = MainView;
			sourceTree = "<group>";
		};
		A8BF5E8E280FAF5A008C3814 /* Views */ = {
			isa = PBXGroup;
			children = (
				A8AC4CA72812339400E162A2 /* Main */,
				A8AC4CAB2812339400E162A2 /* Task */,
				A8AC4CC72812353100E162A2 /* Shop */,
				A8AC4CC42812347C00E162A2 /* Common */,
			);
			name = Views;
			path = "../../MOSAIC LIFE Rev./Views";
			sourceTree = "<group>";
		};
		A8BF5EA7280FB907008C3814 /* Models */ = {
			isa = PBXGroup;
			children = (
				A8BF5EA9280FB91E008C3814 /* Task */,
				A8BF5EAA280FB923008C3814 /* Shop */,
				A8BF5E64280FAE21008C3814 /* MOSAIC_LIFE_Rev2.xcdatamodeld */,
				A8BF5EAB280FB989008C3814 /* UDDataStore.swift */,
				A8AC4C982811629500E162A2 /* ModelEnum.swift */,
			);
			path = Models;
			sourceTree = "<group>";
		};
		A8BF5EA9280FB91E008C3814 /* Task */ = {
			isa = PBXGroup;
			children = (
				A8BF5E9F280FB8E7008C3814 /* Task+CoreDataClass.swift */,
				A8BF5EA0280FB8E7008C3814 /* Task+CoreDataProperties.swift */,
			);
			path = Task;
			sourceTree = "<group>";
		};
		A8BF5EAA280FB923008C3814 /* Shop */ = {
			isa = PBXGroup;
			children = (
				A8BF5EA1280FB8E7008C3814 /* Shop+CoreDataClass.swift */,
				A8BF5EA2280FB8E7008C3814 /* Shop+CoreDataProperties.swift */,
			);
			path = Shop;
			sourceTree = "<group>";
		};
		A8BF5EB0280FE3B7008C3814 /* Common */ = {
			isa = PBXGroup;
			children = (
				A848E6F52811535B003FBE04 /* CommonListViewController.swift */,
				A8BF5EB1280FE3EB008C3814 /* ViewController+CommonFunctions.swift */,
				A8AC4CD6281688F300E162A2 /* DateManager.swift */,
			);
			path = Common;
			sourceTree = "<group>";
		};
/* End PBXGroup section */

/* Begin PBXNativeTarget section */
		A8BF5E57280FAE21008C3814 /* MOSAIC LIFE Rev2 */ = {
			isa = PBXNativeTarget;
			buildConfigurationList = A8BF5E6F280FAE28008C3814 /* Build configuration list for PBXNativeTarget "MOSAIC LIFE Rev2" */;
			buildPhases = (
				A8BF5E54280FAE21008C3814 /* Sources */,
				A8BF5E55280FAE21008C3814 /* Frameworks */,
				A8BF5E56280FAE21008C3814 /* Resources */,
			);
			buildRules = (
			);
			dependencies = (
			);
			name = "MOSAIC LIFE Rev2";
			productName = "MOSAIC LIFE Rev2";
			productReference = A8BF5E58280FAE21008C3814 /* MOSAIC LIFE Rev2.app */;
			productType = "com.apple.product-type.application";
		};
/* End PBXNativeTarget section */

/* Begin PBXProject section */
		A8BF5E50280FAE21008C3814 /* Project object */ = {
			isa = PBXProject;
			attributes = {
				BuildIndependentTargetsInParallel = 1;
				LastSwiftUpdateCheck = 1330;
				LastUpgradeCheck = 1330;
				TargetAttributes = {
					A8BF5E57280FAE21008C3814 = {
						CreatedOnToolsVersion = 13.3.1;
					};
				};
			};
			buildConfigurationList = A8BF5E53280FAE21008C3814 /* Build configuration list for PBXProject "MOSAIC LIFE Rev2" */;
			compatibilityVersion = "Xcode 13.0";
			developmentRegion = en;
			hasScannedForEncodings = 0;
			knownRegions = (
				en,
				Base,
			);
			mainGroup = A8BF5E4F280FAE21008C3814;
			productRefGroup = A8BF5E59280FAE21008C3814 /* Products */;
			projectDirPath = "";
			projectRoot = "";
			targets = (
				A8BF5E57280FAE21008C3814 /* MOSAIC LIFE Rev2 */,
			);
		};
/* End PBXProject section */

/* Begin PBXResourcesBuildPhase section */
		A8BF5E56280FAE21008C3814 /* Resources */ = {
			isa = PBXResourcesBuildPhase;
			buildActionMask = 2147483647;
			files = (
				A8AC4CCB2812353100E162A2 /* ShopView.xib in Resources */,
				A8BF5E6B280FAE28008C3814 /* LaunchScreen.storyboard in Resources */,
				A8BF5E68280FAE28008C3814 /* Assets.xcassets in Resources */,
				A8AC4CD12812698100E162A2 /* CommonListView.xib in Resources */,
				A8BF5E63280FAE21008C3814 /* Main.storyboard in Resources */,
				A8AC4CB02812339500E162A2 /* MainView.xib in Resources */,
				A8AC4CB32812339500E162A2 /* TaskView.xib in Resources */,
			);
			runOnlyForDeploymentPostprocessing = 0;
		};
/* End PBXResourcesBuildPhase section */

/* Begin PBXSourcesBuildPhase section */
		A8BF5E54280FAE21008C3814 /* Sources */ = {
			isa = PBXSourcesBuildPhase;
			buildActionMask = 2147483647;
			files = (
				A8AC4CD7281688F300E162A2 /* DateManager.swift in Sources */,
				A8AC4CCF2812690200E162A2 /* CommonListView.swift in Sources */,
				A8AC4C992811629500E162A2 /* ModelEnum.swift in Sources */,
				A8BF5E8C280FAF12008C3814 /* MainViewController.swift in Sources */,
				A8BF5E5C280FAE21008C3814 /* AppDelegate.swift in Sources */,
				A8AC4CB22812339500E162A2 /* TaskView.swift in Sources */,
				A8AC4CD32812A0C000E162A2 /* ShopViewController.swift in Sources */,
				A8BF5E8A280FAF12008C3814 /* TaskViewController.swift in Sources */,
				A8AC4CD52812A2D500E162A2 /* ShopViewController+Delegates.swift in Sources */,
				A8AC4CB12812339500E162A2 /* MainView.swift in Sources */,
				A8BF5E66280FAE21008C3814 /* MOSAIC_LIFE_Rev2.xcdatamodeld in Sources */,
				A8AC4CD9281D199C00E162A2 /* ActivityLog.swift in Sources */,
				A8BF5EA5280FB8E7008C3814 /* Shop+CoreDataClass.swift in Sources */,
				A8BF5EA3280FB8E7008C3814 /* Task+CoreDataClass.swift in Sources */,
				A8BF5E5E280FAE21008C3814 /* SceneDelegate.swift in Sources */,
				A8BF5EB2280FE3EB008C3814 /* ViewController+CommonFunctions.swift in Sources */,
				A8BF5EA6280FB8E7008C3814 /* Shop+CoreDataProperties.swift in Sources */,
				A8BF5EA4280FB8E7008C3814 /* Task+CoreDataProperties.swift in Sources */,
				A848E6F62811535B003FBE04 /* CommonListViewController.swift in Sources */,
				A8BF5E8B280FAF12008C3814 /* TaskViewController+Delegates.swift in Sources */,
				A8AC4CC62812347C00E162A2 /* XibLoadView.swift in Sources */,
				A8BF5EAC280FB989008C3814 /* UDDataStore.swift in Sources */,
				A8AC4CCA2812353100E162A2 /* ShopView.swift in Sources */,
				A8AC4CAF2812339500E162A2 /* PtLabel.swift in Sources */,
			);
			runOnlyForDeploymentPostprocessing = 0;
		};
/* End PBXSourcesBuildPhase section */

/* Begin PBXVariantGroup section */
		A8BF5E61280FAE21008C3814 /* Main.storyboard */ = {
			isa = PBXVariantGroup;
			children = (
				A8BF5E62280FAE21008C3814 /* Base */,
			);
			name = Main.storyboard;
			sourceTree = "<group>";
		};
		A8BF5E69280FAE28008C3814 /* LaunchScreen.storyboard */ = {
			isa = PBXVariantGroup;
			children = (
				A8BF5E6A280FAE28008C3814 /* Base */,
			);
			name = LaunchScreen.storyboard;
			sourceTree = "<group>";
		};
/* End PBXVariantGroup section */

/* Begin XCBuildConfiguration section */
		A8BF5E6D280FAE28008C3814 /* Debug */ = {
			isa = XCBuildConfiguration;
			buildSettings = {
				ALWAYS_SEARCH_USER_PATHS = NO;
				CLANG_ANALYZER_NONNULL = YES;
				CLANG_ANALYZER_NUMBER_OBJECT_CONVERSION = YES_AGGRESSIVE;
				CLANG_CXX_LANGUAGE_STANDARD = "gnu++17";
				CLANG_ENABLE_MODULES = YES;
				CLANG_ENABLE_OBJC_ARC = YES;
				CLANG_ENABLE_OBJC_WEAK = YES;
				CLANG_WARN_BLOCK_CAPTURE_AUTORELEASING = YES;
				CLANG_WARN_BOOL_CONVERSION = YES;
				CLANG_WARN_COMMA = YES;
				CLANG_WARN_CONSTANT_CONVERSION = YES;
				CLANG_WARN_DEPRECATED_OBJC_IMPLEMENTATIONS = YES;
				CLANG_WARN_DIRECT_OBJC_ISA_USAGE = YES_ERROR;
				CLANG_WARN_DOCUMENTATION_COMMENTS = YES;
				CLANG_WARN_EMPTY_BODY = YES;
				CLANG_WARN_ENUM_CONVERSION = YES;
				CLANG_WARN_INFINITE_RECURSION = YES;
				CLANG_WARN_INT_CONVERSION = YES;
				CLANG_WARN_NON_LITERAL_NULL_CONVERSION = YES;
				CLANG_WARN_OBJC_IMPLICIT_RETAIN_SELF = YES;
				CLANG_WARN_OBJC_LITERAL_CONVERSION = YES;
				CLANG_WARN_OBJC_ROOT_CLASS = YES_ERROR;
				CLANG_WARN_QUOTED_INCLUDE_IN_FRAMEWORK_HEADER = YES;
				CLANG_WARN_RANGE_LOOP_ANALYSIS = YES;
				CLANG_WARN_STRICT_PROTOTYPES = YES;
				CLANG_WARN_SUSPICIOUS_MOVE = YES;
				CLANG_WARN_UNGUARDED_AVAILABILITY = YES_AGGRESSIVE;
				CLANG_WARN_UNREACHABLE_CODE = YES;
				CLANG_WARN__DUPLICATE_METHOD_MATCH = YES;
				COPY_PHASE_STRIP = NO;
				DEBUG_INFORMATION_FORMAT = dwarf;
				ENABLE_STRICT_OBJC_MSGSEND = YES;
				ENABLE_TESTABILITY = YES;
				GCC_C_LANGUAGE_STANDARD = gnu11;
				GCC_DYNAMIC_NO_PIC = NO;
				GCC_NO_COMMON_BLOCKS = YES;
				GCC_OPTIMIZATION_LEVEL = 0;
				GCC_PREPROCESSOR_DEFINITIONS = (
					"DEBUG=1",
					"$(inherited)",
				);
				GCC_WARN_64_TO_32_BIT_CONVERSION = YES;
				GCC_WARN_ABOUT_RETURN_TYPE = YES_ERROR;
				GCC_WARN_UNDECLARED_SELECTOR = YES;
				GCC_WARN_UNINITIALIZED_AUTOS = YES_AGGRESSIVE;
				GCC_WARN_UNUSED_FUNCTION = YES;
				GCC_WARN_UNUSED_VARIABLE = YES;
				IPHONEOS_DEPLOYMENT_TARGET = 15.4;
				MTL_ENABLE_DEBUG_INFO = INCLUDE_SOURCE;
				MTL_FAST_MATH = YES;
				ONLY_ACTIVE_ARCH = YES;
				SDKROOT = iphoneos;
				SWIFT_ACTIVE_COMPILATION_CONDITIONS = DEBUG;
				SWIFT_OPTIMIZATION_LEVEL = "-Onone";
			};
			name = Debug;
		};
		A8BF5E6E280FAE28008C3814 /* Release */ = {
			isa = XCBuildConfiguration;
			buildSettings = {
				ALWAYS_SEARCH_USER_PATHS = NO;
				CLANG_ANALYZER_NONNULL = YES;
				CLANG_ANALYZER_NUMBER_OBJECT_CONVERSION = YES_AGGRESSIVE;
				CLANG_CXX_LANGUAGE_STANDARD = "gnu++17";
				CLANG_ENABLE_MODULES = YES;
				CLANG_ENABLE_OBJC_ARC = YES;
				CLANG_ENABLE_OBJC_WEAK = YES;
				CLANG_WARN_BLOCK_CAPTURE_AUTORELEASING = YES;
				CLANG_WARN_BOOL_CONVERSION = YES;
				CLANG_WARN_COMMA = YES;
				CLANG_WARN_CONSTANT_CONVERSION = YES;
				CLANG_WARN_DEPRECATED_OBJC_IMPLEMENTATIONS = YES;
				CLANG_WARN_DIRECT_OBJC_ISA_USAGE = YES_ERROR;
				CLANG_WARN_DOCUMENTATION_COMMENTS = YES;
				CLANG_WARN_EMPTY_BODY = YES;
				CLANG_WARN_ENUM_CONVERSION = YES;
				CLANG_WARN_INFINITE_RECURSION = YES;
				CLANG_WARN_INT_CONVERSION = YES;
				CLANG_WARN_NON_LITERAL_NULL_CONVERSION = YES;
				CLANG_WARN_OBJC_IMPLICIT_RETAIN_SELF = YES;
				CLANG_WARN_OBJC_LITERAL_CONVERSION = YES;
				CLANG_WARN_OBJC_ROOT_CLASS = YES_ERROR;
				CLANG_WARN_QUOTED_INCLUDE_IN_FRAMEWORK_HEADER = YES;
				CLANG_WARN_RANGE_LOOP_ANALYSIS = YES;
				CLANG_WARN_STRICT_PROTOTYPES = YES;
				CLANG_WARN_SUSPICIOUS_MOVE = YES;
				CLANG_WARN_UNGUARDED_AVAILABILITY = YES_AGGRESSIVE;
				CLANG_WARN_UNREACHABLE_CODE = YES;
				CLANG_WARN__DUPLICATE_METHOD_MATCH = YES;
				COPY_PHASE_STRIP = NO;
				DEBUG_INFORMATION_FORMAT = "dwarf-with-dsym";
				ENABLE_NS_ASSERTIONS = NO;
				ENABLE_STRICT_OBJC_MSGSEND = YES;
				GCC_C_LANGUAGE_STANDARD = gnu11;
				GCC_NO_COMMON_BLOCKS = YES;
				GCC_WARN_64_TO_32_BIT_CONVERSION = YES;
				GCC_WARN_ABOUT_RETURN_TYPE = YES_ERROR;
				GCC_WARN_UNDECLARED_SELECTOR = YES;
				GCC_WARN_UNINITIALIZED_AUTOS = YES_AGGRESSIVE;
				GCC_WARN_UNUSED_FUNCTION = YES;
				GCC_WARN_UNUSED_VARIABLE = YES;
				IPHONEOS_DEPLOYMENT_TARGET = 15.4;
				MTL_ENABLE_DEBUG_INFO = NO;
				MTL_FAST_MATH = YES;
				SDKROOT = iphoneos;
				SWIFT_COMPILATION_MODE = wholemodule;
				SWIFT_OPTIMIZATION_LEVEL = "-O";
				VALIDATE_PRODUCT = YES;
			};
			name = Release;
		};
		A8BF5E70280FAE28008C3814 /* Debug */ = {
			isa = XCBuildConfiguration;
			buildSettings = {
				ASSETCATALOG_COMPILER_APPICON_NAME = AppIcon;
				ASSETCATALOG_COMPILER_GLOBAL_ACCENT_COLOR_NAME = AccentColor;
				CODE_SIGN_IDENTITY = "Apple Development";
				CODE_SIGN_STYLE = Automatic;
				CURRENT_PROJECT_VERSION = 1;
				DEVELOPMENT_TEAM = Q9SQBB7T47;
				GENERATE_INFOPLIST_FILE = YES;
				INFOPLIST_FILE = "MOSAIC LIFE Rev2/Info.plist";
				INFOPLIST_KEY_LSSupportsOpeningDocumentsInPlace = YES;
				INFOPLIST_KEY_UIApplicationSupportsIndirectInputEvents = YES;
				INFOPLIST_KEY_UILaunchStoryboardName = LaunchScreen;
				INFOPLIST_KEY_UIMainStoryboardFile = Main;
				INFOPLIST_KEY_UISupportedInterfaceOrientations_iPad = "UIInterfaceOrientationPortrait UIInterfaceOrientationPortraitUpsideDown UIInterfaceOrientationLandscapeLeft UIInterfaceOrientationLandscapeRight";
				INFOPLIST_KEY_UISupportedInterfaceOrientations_iPhone = "UIInterfaceOrientationPortrait UIInterfaceOrientationLandscapeLeft UIInterfaceOrientationLandscapeRight";
				LD_RUNPATH_SEARCH_PATHS = (
					"$(inherited)",
					"@executable_path/Frameworks",
				);
				MARKETING_VERSION = 1.0;
				PRODUCT_BUNDLE_IDENTIFIER = "MOSAIC-Lab.MOSAIC-LIFE-Rev2";
				PRODUCT_NAME = "$(TARGET_NAME)";
				PROVISIONING_PROFILE_SPECIFIER = "";
				SWIFT_EMIT_LOC_STRINGS = YES;
				SWIFT_VERSION = 5.0;
				TARGETED_DEVICE_FAMILY = "1,2";
			};
			name = Debug;
		};
		A8BF5E71280FAE28008C3814 /* Release */ = {
			isa = XCBuildConfiguration;
			buildSettings = {
				ASSETCATALOG_COMPILER_APPICON_NAME = AppIcon;
				ASSETCATALOG_COMPILER_GLOBAL_ACCENT_COLOR_NAME = AccentColor;
				CODE_SIGN_IDENTITY = "Apple Development";
				CODE_SIGN_STYLE = Automatic;
				CURRENT_PROJECT_VERSION = 1;
				DEVELOPMENT_TEAM = Q9SQBB7T47;
				GENERATE_INFOPLIST_FILE = YES;
				INFOPLIST_FILE = "MOSAIC LIFE Rev2/Info.plist";
				INFOPLIST_KEY_LSSupportsOpeningDocumentsInPlace = YES;
				INFOPLIST_KEY_UIApplicationSupportsIndirectInputEvents = YES;
				INFOPLIST_KEY_UILaunchStoryboardName = LaunchScreen;
				INFOPLIST_KEY_UIMainStoryboardFile = Main;
				INFOPLIST_KEY_UISupportedInterfaceOrientations_iPad = "UIInterfaceOrientationPortrait UIInterfaceOrientationPortraitUpsideDown UIInterfaceOrientationLandscapeLeft UIInterfaceOrientationLandscapeRight";
				INFOPLIST_KEY_UISupportedInterfaceOrientations_iPhone = "UIInterfaceOrientationPortrait UIInterfaceOrientationLandscapeLeft UIInterfaceOrientationLandscapeRight";
				LD_RUNPATH_SEARCH_PATHS = (
					"$(inherited)",
					"@executable_path/Frameworks",
				);
				MARKETING_VERSION = 1.0;
				PRODUCT_BUNDLE_IDENTIFIER = "MOSAIC-Lab.MOSAIC-LIFE-Rev2";
				PRODUCT_NAME = "$(TARGET_NAME)";
				PROVISIONING_PROFILE_SPECIFIER = "";
				SWIFT_EMIT_LOC_STRINGS = YES;
				SWIFT_VERSION = 5.0;
				TARGETED_DEVICE_FAMILY = "1,2";
			};
			name = Release;
		};
/* End XCBuildConfiguration section */

/* Begin XCConfigurationList section */
		A8BF5E53280FAE21008C3814 /* Build configuration list for PBXProject "MOSAIC LIFE Rev2" */ = {
			isa = XCConfigurationList;
			buildConfigurations = (
				A8BF5E6D280FAE28008C3814 /* Debug */,
				A8BF5E6E280FAE28008C3814 /* Release */,
			);
			defaultConfigurationIsVisible = 0;
			defaultConfigurationName = Release;
		};
		A8BF5E6F280FAE28008C3814 /* Build configuration list for PBXNativeTarget "MOSAIC LIFE Rev2" */ = {
			isa = XCConfigurationList;
			buildConfigurations = (
				A8BF5E70280FAE28008C3814 /* Debug */,
				A8BF5E71280FAE28008C3814 /* Release */,
			);
			defaultConfigurationIsVisible = 0;
			defaultConfigurationName = Release;
		};
/* End XCConfigurationList section */

/* Begin XCVersionGroup section */
		A8BF5E64280FAE21008C3814 /* MOSAIC_LIFE_Rev2.xcdatamodeld */ = {
			isa = XCVersionGroup;
			children = (
				A8BF5E65280FAE21008C3814 /* MOSAIC_LIFE_Rev2.xcdatamodel */,
			);
			currentVersion = A8BF5E65280FAE21008C3814 /* MOSAIC_LIFE_Rev2.xcdatamodel */;
			path = MOSAIC_LIFE_Rev2.xcdatamodeld;
			sourceTree = "<group>";
			versionGroupType = wrapper.xcdatamodel;
		};
/* End XCVersionGroup section */
	};
	rootObject = A8BF5E50280FAE21008C3814 /* Project object */;
}
